
Microsoft Visual Studio Solution File, Format Version 12.00
# Visual Studio Version 16
VisualStudioVersion = 25.0.1703.5
MinimumVisualStudioVersion = 10.0.40219.1
Project("{FAE04EC0-301F-11D3-BF4B-00C04F79EFBC}") = "value_vs_Reference_Types", "value_vs_Reference_Types\value_vs_Reference_Types.csproj", "{DE2FEE1F-2787-45FF-AC40-C51ABC1EFFCF}"
EndProject
Global
	GlobalSection(SolutionConfigurationPlatforms) = preSolution
		Debug|Any CPU = Debug|Any CPU
		Release|Any CPU = Release|Any CPU
	EndGlobalSection
	GlobalSection(ProjectConfigurationPlatforms) = postSolution
		{DE2FEE1F-2787-45FF-AC40-C51ABC1EFFCF}.Debug|Any CPU.ActiveCfg = Debug|Any CPU
		{DE2FEE1F-2787-45FF-AC40-C51ABC1EFFCF}.Debug|Any CPU.Build.0 = Debug|Any CPU
		{DE2FEE1F-2787-45FF-AC40-C51ABC1EFFCF}.Release|Any CPU.ActiveCfg = Release|Any CPU
		{DE2FEE1F-2787-45FF-AC40-C51ABC1EFFCF}.Release|Any CPU.Build.0 = Release|Any CPU
	EndGlobalSection
	GlobalSection(SolutionProperties) = preSolution
		HideSolutionNode = FALSE
	EndGlobalSection
	GlobalSection(ExtensibilityGlobals) = postSolution
		SolutionGuid = {EFC66D23-7163-4D6A-B6BA-C361C68108AF}
	EndGlobalSection
EndGlobal
