
Microsoft Visual Studio Solution File, Format Version 12.00
# Visual Studio Version 16
VisualStudioVersion = 25.0.1703.5
MinimumVisualStudioVersion = 10.0.40219.1
Project("{FAE04EC0-301F-11D3-BF4B-00C04F79EFBC}") = "Challenge2", "Challenge2\Challenge2.csproj", "{1B1ADA32-CBCA-4440-9FD8-5B97BCEE68CA}"
EndProject
Global
	GlobalSection(SolutionConfigurationPlatforms) = preSolution
		Debug|Any CPU = Debug|Any CPU
		Release|Any CPU = Release|Any CPU
	EndGlobalSection
	GlobalSection(ProjectConfigurationPlatforms) = postSolution
		{1B1ADA32-CBCA-4440-9FD8-5B97BCEE68CA}.Debug|Any CPU.ActiveCfg = Debug|Any CPU
		{1B1ADA32-CBCA-4440-9FD8-5B97BCEE68CA}.Debug|Any CPU.Build.0 = Debug|Any CPU
		{1B1ADA32-CBCA-4440-9FD8-5B97BCEE68CA}.Release|Any CPU.ActiveCfg = Release|Any CPU
		{1B1ADA32-CBCA-4440-9FD8-5B97BCEE68CA}.Release|Any CPU.Build.0 = Release|Any CPU
	EndGlobalSection
	GlobalSection(SolutionProperties) = preSolution
		HideSolutionNode = FALSE
	EndGlobalSection
	GlobalSection(ExtensibilityGlobals) = postSolution
		SolutionGuid = {6BB1EAD1-8717-4CBF-B8DA-AA503A30D983}
	EndGlobalSection
EndGlobal
