
Microsoft Visual Studio Solution File, Format Version 12.00
# Visual Studio Version 16
VisualStudioVersion = 25.0.1703.5
MinimumVisualStudioVersion = 10.0.40219.1
Project("{FAE04EC0-301F-11D3-BF4B-00C04F79EFBC}") = "HelloWorld", "HelloWorld\HelloWorld.csproj", "{5A035734-3E9A-4562-A863-A65829B2B31D}"
EndProject
Global
	GlobalSection(SolutionConfigurationPlatforms) = preSolution
		Debug|Any CPU = Debug|Any CPU
		Release|Any CPU = Release|Any CPU
	EndGlobalSection
	GlobalSection(ProjectConfigurationPlatforms) = postSolution
		{5A035734-3E9A-4562-A863-A65829B2B31D}.Debug|Any CPU.ActiveCfg = Debug|Any CPU
		{5A035734-3E9A-4562-A863-A65829B2B31D}.Debug|Any CPU.Build.0 = Debug|Any CPU
		{5A035734-3E9A-4562-A863-A65829B2B31D}.Release|Any CPU.ActiveCfg = Release|Any CPU
		{5A035734-3E9A-4562-A863-A65829B2B31D}.Release|Any CPU.Build.0 = Release|Any CPU
	EndGlobalSection
	GlobalSection(SolutionProperties) = preSolution
		HideSolutionNode = FALSE
	EndGlobalSection
	GlobalSection(ExtensibilityGlobals) = postSolution
		SolutionGuid = {0924BCDE-6F01-4FE0-8B32-BFE9A935C70D}
	EndGlobalSection
EndGlobal
