
Microsoft Visual Studio Solution File, Format Version 12.00
# Visual Studio Version 16
VisualStudioVersion = 25.0.1703.5
MinimumVisualStudioVersion = 10.0.40219.1
Project("{FAE04EC0-301F-11D3-BF4B-00C04F79EFBC}") = "Assignment1", "Assignment1\Assignment1.csproj", "{B9F9D7B2-A07E-49C3-A102-1546803F2ECA}"
EndProject
Global
	GlobalSection(SolutionConfigurationPlatforms) = preSolution
		Debug|Any CPU = Debug|Any CPU
		Release|Any CPU = Release|Any CPU
	EndGlobalSection
	GlobalSection(ProjectConfigurationPlatforms) = postSolution
		{B9F9D7B2-A07E-49C3-A102-1546803F2ECA}.Debug|Any CPU.ActiveCfg = Debug|Any CPU
		{B9F9D7B2-A07E-49C3-A102-1546803F2ECA}.Debug|Any CPU.Build.0 = Debug|Any CPU
		{B9F9D7B2-A07E-49C3-A102-1546803F2ECA}.Release|Any CPU.ActiveCfg = Release|Any CPU
		{B9F9D7B2-A07E-49C3-A102-1546803F2ECA}.Release|Any CPU.Build.0 = Release|Any CPU
	EndGlobalSection
	GlobalSection(SolutionProperties) = preSolution
		HideSolutionNode = FALSE
	EndGlobalSection
	GlobalSection(ExtensibilityGlobals) = postSolution
		SolutionGuid = {4DBB8B9E-E7DB-43FB-9005-9344F99A4C4D}
	EndGlobalSection
EndGlobal
