
Microsoft Visual Studio Solution File, Format Version 12.00
# Visual Studio Version 16
VisualStudioVersion = 25.0.1703.5
MinimumVisualStudioVersion = 10.0.40219.1
Project("{FAE04EC0-301F-11D3-BF4B-00C04F79EFBC}") = "CodingStandards", "CodingStandards\CodingStandards.csproj", "{69260777-9347-4FC2-971F-51BD02058B2C}"
EndProject
Global
	GlobalSection(SolutionConfigurationPlatforms) = preSolution
		Debug|Any CPU = Debug|Any CPU
		Release|Any CPU = Release|Any CPU
	EndGlobalSection
	GlobalSection(ProjectConfigurationPlatforms) = postSolution
		{69260777-9347-4FC2-971F-51BD02058B2C}.Debug|Any CPU.ActiveCfg = Debug|Any CPU
		{69260777-9347-4FC2-971F-51BD02058B2C}.Debug|Any CPU.Build.0 = Debug|Any CPU
		{69260777-9347-4FC2-971F-51BD02058B2C}.Release|Any CPU.ActiveCfg = Release|Any CPU
		{69260777-9347-4FC2-971F-51BD02058B2C}.Release|Any CPU.Build.0 = Release|Any CPU
	EndGlobalSection
	GlobalSection(SolutionProperties) = preSolution
		HideSolutionNode = FALSE
	EndGlobalSection
	GlobalSection(ExtensibilityGlobals) = postSolution
		SolutionGuid = {6626950B-E467-4D00-9D2E-ACD3F45387BA}
	EndGlobalSection
EndGlobal
