
Microsoft Visual Studio Solution File, Format Version 12.00
# Visual Studio Version 16
VisualStudioVersion = 25.0.1703.5
MinimumVisualStudioVersion = 10.0.40219.1
Project("{FAE04EC0-301F-11D3-BF4B-00C04F79EFBC}") = "namingConventions_and_codingStandards", "namingConventions_and_codingStandards\namingConventions_and_codingStandards.csproj", "{458167BA-804E-43A9-8D42-7617F5E06282}"
EndProject
Global
	GlobalSection(SolutionConfigurationPlatforms) = preSolution
		Debug|Any CPU = Debug|Any CPU
		Release|Any CPU = Release|Any CPU
	EndGlobalSection
	GlobalSection(ProjectConfigurationPlatforms) = postSolution
		{458167BA-804E-43A9-8D42-7617F5E06282}.Debug|Any CPU.ActiveCfg = Debug|Any CPU
		{458167BA-804E-43A9-8D42-7617F5E06282}.Debug|Any CPU.Build.0 = Debug|Any CPU
		{458167BA-804E-43A9-8D42-7617F5E06282}.Release|Any CPU.ActiveCfg = Release|Any CPU
		{458167BA-804E-43A9-8D42-7617F5E06282}.Release|Any CPU.Build.0 = Release|Any CPU
	EndGlobalSection
	GlobalSection(SolutionProperties) = preSolution
		HideSolutionNode = FALSE
	EndGlobalSection
	GlobalSection(ExtensibilityGlobals) = postSolution
		SolutionGuid = {E7F89C61-137B-4192-8607-D43CCB10D4DA}
	EndGlobalSection
EndGlobal
