
Microsoft Visual Studio Solution File, Format Version 12.00
# Visual Studio Version 16
VisualStudioVersion = 25.0.1703.5
MinimumVisualStudioVersion = 10.0.40219.1
Project("{FAE04EC0-301F-11D3-BF4B-00C04F79EFBC}") = "ConsolesColors", "ConsolesColors\ConsolesColors.csproj", "{26E034C3-8BE0-48D7-B320-1D73E57FD985}"
EndProject
Global
	GlobalSection(SolutionConfigurationPlatforms) = preSolution
		Debug|Any CPU = Debug|Any CPU
		Release|Any CPU = Release|Any CPU
	EndGlobalSection
	GlobalSection(ProjectConfigurationPlatforms) = postSolution
		{26E034C3-8BE0-48D7-B320-1D73E57FD985}.Debug|Any CPU.ActiveCfg = Debug|Any CPU
		{26E034C3-8BE0-48D7-B320-1D73E57FD985}.Debug|Any CPU.Build.0 = Debug|Any CPU
		{26E034C3-8BE0-48D7-B320-1D73E57FD985}.Release|Any CPU.ActiveCfg = Release|Any CPU
		{26E034C3-8BE0-48D7-B320-1D73E57FD985}.Release|Any CPU.Build.0 = Release|Any CPU
	EndGlobalSection
	GlobalSection(SolutionProperties) = preSolution
		HideSolutionNode = FALSE
	EndGlobalSection
	GlobalSection(ExtensibilityGlobals) = postSolution
		SolutionGuid = {A53CB13D-A43F-4595-AF08-C2F788122F59}
	EndGlobalSection
EndGlobal
