
Microsoft Visual Studio Solution File, Format Version 12.00
# Visual Studio Version 16
VisualStudioVersion = 25.0.1703.5
MinimumVisualStudioVersion = 10.0.40219.1
Project("{FAE04EC0-301F-11D3-BF4B-00C04F79EFBC}") = "StringMethods", "StringMethods\StringMethods.csproj", "{3C8AB3F9-A8BA-4FB1-9BA1-1792F970EC11}"
EndProject
Global
	GlobalSection(SolutionConfigurationPlatforms) = preSolution
		Debug|Any CPU = Debug|Any CPU
		Release|Any CPU = Release|Any CPU
	EndGlobalSection
	GlobalSection(ProjectConfigurationPlatforms) = postSolution
		{3C8AB3F9-A8BA-4FB1-9BA1-1792F970EC11}.Debug|Any CPU.ActiveCfg = Debug|Any CPU
		{3C8AB3F9-A8BA-4FB1-9BA1-1792F970EC11}.Debug|Any CPU.Build.0 = Debug|Any CPU
		{3C8AB3F9-A8BA-4FB1-9BA1-1792F970EC11}.Release|Any CPU.ActiveCfg = Release|Any CPU
		{3C8AB3F9-A8BA-4FB1-9BA1-1792F970EC11}.Release|Any CPU.Build.0 = Release|Any CPU
	EndGlobalSection
	GlobalSection(SolutionProperties) = preSolution
		HideSolutionNode = FALSE
	EndGlobalSection
	GlobalSection(ExtensibilityGlobals) = postSolution
		SolutionGuid = {405103DF-D1CD-425C-831F-F14E6DE562DF}
	EndGlobalSection
EndGlobal
